
Microsoft Visual Studio Solution File, Format Version 12.00
# Visual Studio 15
VisualStudioVersion = 15.0.26124.0
MinimumVisualStudioVersion = 15.0.26124.0
Project("{FAE04EC0-301F-11D3-BF4B-00C04F79EFBC}") = "MouseflowReport", "MouseflowReport\MouseflowReport.csproj", "{552A4318-00D3-41FC-BE60-1B0939B565F7}"
EndProject
Project("{FAE04EC0-301F-11D3-BF4B-00C04F79EFBC}") = "MouseflowReport.Tests", "MouseflowReport.Tests\MouseflowReport.Tests.csproj", "{C55A340B-FE09-4FBA-A4CF-5885A7BDDB70}"
EndProject
Global
	GlobalSection(SolutionConfigurationPlatforms) = preSolution
		Debug|Any CPU = Debug|Any CPU
		Debug|x64 = Debug|x64
		Debug|x86 = Debug|x86
		Release|Any CPU = Release|Any CPU
		Release|x64 = Release|x64
		Release|x86 = Release|x86
	EndGlobalSection
	GlobalSection(SolutionProperties) = preSolution
		HideSolutionNode = FALSE
	EndGlobalSection
	GlobalSection(ProjectConfigurationPlatforms) = postSolution
		{552A4318-00D3-41FC-BE60-1B0939B565F7}.Debug|Any CPU.ActiveCfg = Debug|Any CPU
		{552A4318-00D3-41FC-BE60-1B0939B565F7}.Debug|Any CPU.Build.0 = Debug|Any CPU
		{552A4318-00D3-41FC-BE60-1B0939B565F7}.Debug|x64.ActiveCfg = Debug|Any CPU
		{552A4318-00D3-41FC-BE60-1B0939B565F7}.Debug|x64.Build.0 = Debug|Any CPU
		{552A4318-00D3-41FC-BE60-1B0939B565F7}.Debug|x86.ActiveCfg = Debug|Any CPU
		{552A4318-00D3-41FC-BE60-1B0939B565F7}.Debug|x86.Build.0 = Debug|Any CPU
		{552A4318-00D3-41FC-BE60-1B0939B565F7}.Release|Any CPU.ActiveCfg = Release|Any CPU
		{552A4318-00D3-41FC-BE60-1B0939B565F7}.Release|Any CPU.Build.0 = Release|Any CPU
		{552A4318-00D3-41FC-BE60-1B0939B565F7}.Release|x64.ActiveCfg = Release|Any CPU
		{552A4318-00D3-41FC-BE60-1B0939B565F7}.Release|x64.Build.0 = Release|Any CPU
		{552A4318-00D3-41FC-BE60-1B0939B565F7}.Release|x86.ActiveCfg = Release|Any CPU
		{552A4318-00D3-41FC-BE60-1B0939B565F7}.Release|x86.Build.0 = Release|Any CPU
		{C55A340B-FE09-4FBA-A4CF-5885A7BDDB70}.Debug|Any CPU.ActiveCfg = Debug|Any CPU
		{C55A340B-FE09-4FBA-A4CF-5885A7BDDB70}.Debug|Any CPU.Build.0 = Debug|Any CPU
		{C55A340B-FE09-4FBA-A4CF-5885A7BDDB70}.Debug|x64.ActiveCfg = Debug|Any CPU
		{C55A340B-FE09-4FBA-A4CF-5885A7BDDB70}.Debug|x64.Build.0 = Debug|Any CPU
		{C55A340B-FE09-4FBA-A4CF-5885A7BDDB70}.Debug|x86.ActiveCfg = Debug|Any CPU
		{C55A340B-FE09-4FBA-A4CF-5885A7BDDB70}.Debug|x86.Build.0 = Debug|Any CPU
		{C55A340B-FE09-4FBA-A4CF-5885A7BDDB70}.Release|Any CPU.ActiveCfg = Release|Any CPU
		{C55A340B-FE09-4FBA-A4CF-5885A7BDDB70}.Release|Any CPU.Build.0 = Release|Any CPU
		{C55A340B-FE09-4FBA-A4CF-5885A7BDDB70}.Release|x64.ActiveCfg = Release|Any CPU
		{C55A340B-FE09-4FBA-A4CF-5885A7BDDB70}.Release|x64.Build.0 = Release|Any CPU
		{C55A340B-FE09-4FBA-A4CF-5885A7BDDB70}.Release|x86.ActiveCfg = Release|Any CPU
		{C55A340B-FE09-4FBA-A4CF-5885A7BDDB70}.Release|x86.Build.0 = Release|Any CPU
	EndGlobalSection
EndGlobal
